<Solution>
  <Configurations>
    <Platform Name="x64" />
  </Configurations>
  <Folder Name="/src/">
    <Project Path="src/Phlow.App/Phlow.App.csproj">
      <Platform Project="x64" />
    </Project>
    <Project Path="src/Phlow.Core/Phlow.Core.csproj">
      <Platform Project="x64" />
    </Project>
  </Folder>
  <Folder Name="/tests/">
    <Project Path="tests/Phlow.Core.Tests/Phlow.Core.Tests.csproj">
      <Platform Project="x64" />
    </Project>
  </Folder>
</Solution>
